
Microsoft Visual Studio Solution File, Format Version 12.00
# Visual Studio Version 17
VisualStudioVersion = 17.2.32630.192
MinimumVisualStudioVersion = 10.0.40219.1
Project("{9A19103F-16F7-4668-BE54-9A1E7A4F7556}") = "pressF.API", "src\pressF.API\pressF.API.csproj", "{94CC7985-987B-4605-B26E-59527123CA86}"
EndProject
Project("{FAE04EC0-301F-11D3-BF4B-00C04F79EFBC}") = "fsocket", "fsocket\fsocket.csproj", "{EF400CBC-BB43-45A5-AC39-E810D40EF141}"
EndProject
Global
	GlobalSection(SolutionConfigurationPlatforms) = preSolution
		Debug|Any CPU = Debug|Any CPU
		Release|Any CPU = Release|Any CPU
	EndGlobalSection
	GlobalSection(ProjectConfigurationPlatforms) = postSolution
		{94CC7985-987B-4605-B26E-59527123CA86}.Debug|Any CPU.ActiveCfg = Debug|Any CPU
		{94CC7985-987B-4605-B26E-59527123CA86}.Debug|Any CPU.Build.0 = Debug|Any CPU
		{94CC7985-987B-4605-B26E-59527123CA86}.Release|Any CPU.ActiveCfg = Release|Any CPU
		{94CC7985-987B-4605-B26E-59527123CA86}.Release|Any CPU.Build.0 = Release|Any CPU
		{EF400CBC-BB43-45A5-AC39-E810D40EF141}.Debug|Any CPU.ActiveCfg = Debug|Any CPU
		{EF400CBC-BB43-45A5-AC39-E810D40EF141}.Debug|Any CPU.Build.0 = Debug|Any CPU
		{EF400CBC-BB43-45A5-AC39-E810D40EF141}.Release|Any CPU.ActiveCfg = Release|Any CPU
		{EF400CBC-BB43-45A5-AC39-E810D40EF141}.Release|Any CPU.Build.0 = Release|Any CPU
	EndGlobalSection
	GlobalSection(SolutionProperties) = preSolution
		HideSolutionNode = FALSE
	EndGlobalSection
	GlobalSection(ExtensibilityGlobals) = postSolution
		SolutionGuid = {39238174-26E2-4A67-B850-995D6F17B122}
	EndGlobalSection
EndGlobal
